
Microsoft Visual Studio Solution File, Format Version 12.00
# Visual Studio Version 16
VisualStudioVersion = 16.0.31613.86
MinimumVisualStudioVersion = 10.0.40219.1
Project("{9A19103F-16F7-4668-BE54-9A1E7A4F7556}") = "NotEBookWeb", "NotEBookWeb.csproj", "{AF32899E-97B5-449F-BE1B-3EA7E8EDB58E}"
EndProject
Global
	GlobalSection(SolutionConfigurationPlatforms) = preSolution
		Debug|Any CPU = Debug|Any CPU
		Release|Any CPU = Release|Any CPU
	EndGlobalSection
	GlobalSection(ProjectConfigurationPlatforms) = postSolution
		{AF32899E-97B5-449F-BE1B-3EA7E8EDB58E}.Debug|Any CPU.ActiveCfg = Debug|Any CPU
		{AF32899E-97B5-449F-BE1B-3EA7E8EDB58E}.Debug|Any CPU.Build.0 = Debug|Any CPU
		{AF32899E-97B5-449F-BE1B-3EA7E8EDB58E}.Release|Any CPU.ActiveCfg = Release|Any CPU
		{AF32899E-97B5-449F-BE1B-3EA7E8EDB58E}.Release|Any CPU.Build.0 = Release|Any CPU
	EndGlobalSection
	GlobalSection(SolutionProperties) = preSolution
		HideSolutionNode = FALSE
	EndGlobalSection
	GlobalSection(ExtensibilityGlobals) = postSolution
		SolutionGuid = {029D94EC-716B-4D71-B21F-1AD78AD81A2D}
	EndGlobalSection
EndGlobal
